{
  "name": "hyperobjects",
  "version": "0.0.1",
  "lockfileVersion": 1,
  "requires": true,
  "dependencies": {
    "@types/codecs": {
      "version": "2.2.0",
      "resolved": "https://registry.npmjs.org/@types/codecs/-/codecs-2.2.0.tgz",
      "integrity": "sha512-YuAtPdCN5gFMgWk+E+WKYSPVpyVnVJjvT75lxuS+d0GyZNwGJEel15tHWQd3tI0AWWDDnsBGgsAA3RukbkZD6Q==",
      "requires": {
        "@types/node": "*"
      }
    },
    "@types/node": {
      "version": "14.14.10",
      "resolved": "https://registry.npmjs.org/@types/node/-/node-14.14.10.tgz",
      "integrity": "sha512-J32dgx2hw8vXrSbu4ZlVhn1Nm3GbeCFNw2FWL8S5QKucHGY0cyNwjdQdO+KMBZ4wpmC7KhLCiNsdk1RFRIYUQQ=="
    },
    "@types/streamx": {
      "version": "2.9.0",
      "resolved": "https://registry.npmjs.org/@types/streamx/-/streamx-2.9.0.tgz",
      "integrity": "sha512-u/wRajUuUKsWxsHRwGQJUjCkZACjlQIIDvdKVHpGDUrzjjEwf8MfhBLKjmXDrwBVYSEcInBcmIY6djDgRLD6eA==",
      "requires": {
        "@types/node": "*"
      }
    },
    "codecs": {
      "version": "2.2.0",
      "resolved": "https://registry.npmjs.org/codecs/-/codecs-2.2.0.tgz",
      "integrity": "sha512-+xi2ENsvchtUNa8oBUU58gHgmyN6BEEeZ8NIEgeQ0XnC+AoyihivgZYe+OOiNi+fLy/NUowugwV5gP8XWYDm0Q=="
    }
  }
}
